
Microsoft Visual Studio Solution File, Format Version 12.00
# Visual Studio 2013
VisualStudioVersion = 12.0.30110.0
MinimumVisualStudioVersion = 10.0.40219.1
Project("{FAE04EC0-301F-11D3-BF4B-00C04F79EFBC}") = "Gherkin", "Gherkin\Gherkin.csproj", "{370982B4-9938-4533-8EA1-6F9044B84130}"
EndProject
Project("{2150E333-8FDC-42A3-9474-1A3956D46DE8}") = "Solution Items", "Solution Items", "{8392D4CF-66B0-45C7-AE22-E8E0CA112C93}"
	ProjectSection(SolutionItems) = preProject
		gherkin-csharp.razor = gherkin-csharp.razor
		..\gherkin.berp = ..\gherkin.berp
	EndProjectSection
EndProject
Global
	GlobalSection(SolutionConfigurationPlatforms) = preSolution
		Debug|Any CPU = Debug|Any CPU
		Release|Any CPU = Release|Any CPU
	EndGlobalSection
	GlobalSection(ProjectConfigurationPlatforms) = postSolution
		{370982B4-9938-4533-8EA1-6F9044B84130}.Debug|Any CPU.ActiveCfg = Debug|Any CPU
		{370982B4-9938-4533-8EA1-6F9044B84130}.Debug|Any CPU.Build.0 = Debug|Any CPU
		{370982B4-9938-4533-8EA1-6F9044B84130}.Release|Any CPU.ActiveCfg = Release|Any CPU
		{370982B4-9938-4533-8EA1-6F9044B84130}.Release|Any CPU.Build.0 = Release|Any CPU
	EndGlobalSection
	GlobalSection(SolutionProperties) = preSolution
		HideSolutionNode = FALSE
	EndGlobalSection
EndGlobal
